{
  "name": "mind-elixir-for-chrome",
  "version": "0.0.1",
  "lockfileVersion": 1,
  "requires": true,
  "dependencies": {
    "mind-elixir": {
      "version": "0.11.3",
      "resolved": "https://registry.npm.taobao.org/mind-elixir/download/mind-elixir-0.11.3.tgz",
      "integrity": "sha1-iTQZOxNRL4JEFKt+IX5zrG5ElNo="
    },
    "regenerator-runtime": {
      "version": "0.13.7",
      "resolved": "https://registry.npmjs.org/regenerator-runtime/-/regenerator-runtime-0.13.7.tgz",
      "integrity": "sha512-a54FxoJDIr27pgf7IgeQGxmqUNYrcV338lf/6gH456HZ/PhX+5BcwHXG9ajESmwe6WRO0tAzRUrRmNONWgkrew=="
    }
  }
}
