{
  "name": "mind-elixir-for-chrome",
  "version": "0.0.1",
  "lockfileVersion": 1,
  "requires": true,
  "dependencies": {
    "mind-elixir": {
      "version": "0.11.1",
      "resolved": "https://registry.npmjs.org/mind-elixir/-/mind-elixir-0.11.1.tgz",
      "integrity": "sha512-bQwnjtVvEsRWqtinXXlq/rC3Bau30gkmpykdtg3I0eWFyeydXZgIMchJwm7edSEfhVeVWBW9WZU9wkCk/wH1wg=="
    },
    "regenerator-runtime": {
      "version": "0.13.7",
      "resolved": "https://registry.npmjs.org/regenerator-runtime/-/regenerator-runtime-0.13.7.tgz",
      "integrity": "sha512-a54FxoJDIr27pgf7IgeQGxmqUNYrcV338lf/6gH456HZ/PhX+5BcwHXG9ajESmwe6WRO0tAzRUrRmNONWgkrew=="
    }
  }
}
